// !$*UTF8*$!
{
	archiveVersion = 1;
	classes = {
	};
	objectVersion = 56;
	objects = {

/* Begin PBXBuildFile section */
		9B1347352B71D6FE009DC9D9 /* QRApp.swift in Sources */ = {isa = PBXBuildFile; fileRef = 9B1347342B71D6FE009DC9D9 /* QRApp.swift */; };
		9B1347372B71D6FE009DC9D9 /* ContentView.swift in Sources */ = {isa = PBXBuildFile; fileRef = 9B1347362B71D6FE009DC9D9 /* ContentView.swift */; };
		9B1347392B71D6FF009DC9D9 /* Assets.xcassets in Resources */ = {isa = PBXBuildFile; fileRef = 9B1347382B71D6FF009DC9D9 /* Assets.xcassets */; };
		9B13473D2B71D6FF009DC9D9 /* Preview Assets.xcassets in Resources */ = {isa = PBXBuildFile; fileRef = 9B13473C2B71D6FF009DC9D9 /* Preview Assets.xcassets */; };
		9B1347472B71D6FF009DC9D9 /* QRTests.swift in Sources */ = {isa = PBXBuildFile; fileRef = 9B1347462B71D6FF009DC9D9 /* QRTests.swift */; };
		9B1347512B71D6FF009DC9D9 /* QRUITests.swift in Sources */ = {isa = PBXBuildFile; fileRef = 9B1347502B71D6FF009DC9D9 /* QRUITests.swift */; };
		9B1347532B71D6FF009DC9D9 /* QRUITestsLaunchTests.swift in Sources */ = {isa = PBXBuildFile; fileRef = 9B1347522B71D6FF009DC9D9 /* QRUITestsLaunchTests.swift */; };
/* End PBXBuildFile section */

/* Begin PBXContainerItemProxy section */
		9B1347432B71D6FF009DC9D9 /* PBXContainerItemProxy */ = {
			isa = PBXContainerItemProxy;
			containerPortal = 9B1347292B71D6FE009DC9D9 /* Project object */;
			proxyType = 1;
			remoteGlobalIDString = 9B1347302B71D6FE009DC9D9;
			remoteInfo = QR;
		};
		9B13474D2B71D6FF009DC9D9 /* PBXContainerItemProxy */ = {
			isa = PBXContainerItemProxy;
			containerPortal = 9B1347292B71D6FE009DC9D9 /* Project object */;
			proxyType = 1;
			remoteGlobalIDString = 9B1347302B71D6FE009DC9D9;
			remoteInfo = QR;
		};
/* End PBXContainerItemProxy section */

/* Begin PBXFileReference section */
		9B1347312B71D6FE009DC9D9 /* QR.app */ = {isa = PBXFileReference; explicitFileType = wrapper.application; includeInIndex = 0; path = QR.app; sourceTree = BUILT_PRODUCTS_DIR; };
		9B1347342B71D6FE009DC9D9 /* QRApp.swift */ = {isa = PBXFileReference; lastKnownFileType = sourcecode.swift; path = QRApp.swift; sourceTree = "<group>"; };
		9B1347362B71D6FE009DC9D9 /* ContentView.swift */ = {isa = PBXFileReference; lastKnownFileType = sourcecode.swift; path = ContentView.swift; sourceTree = "<group>"; };
		9B1347382B71D6FF009DC9D9 /* Assets.xcassets */ = {isa = PBXFileReference; lastKnownFileType = folder.assetcatalog; path = Assets.xcassets; sourceTree = "<group>"; };
		9B13473A2B71D6FF009DC9D9 /* QR.entitlements */ = {isa = PBXFileReference; lastKnownFileType = text.plist.entitlements; path = QR.entitlements; sourceTree = "<group>"; };
		9B13473C2B71D6FF009DC9D9 /* Preview Assets.xcassets */ = {isa = PBXFileReference; lastKnownFileType = folder.assetcatalog; path = "Preview Assets.xcassets"; sourceTree = "<group>"; };
		9B1347422B71D6FF009DC9D9 /* QRTests.xctest */ = {isa = PBXFileReference; explicitFileType = wrapper.cfbundle; includeInIndex = 0; path = QRTests.xctest; sourceTree = BUILT_PRODUCTS_DIR; };
		9B1347462B71D6FF009DC9D9 /* QRTests.swift */ = {isa = PBXFileReference; lastKnownFileType = sourcecode.swift; path = QRTests.swift; sourceTree = "<group>"; };
		9B13474C2B71D6FF009DC9D9 /* QRUITests.xctest */ = {isa = PBXFileReference; explicitFileType = wrapper.cfbundle; includeInIndex = 0; path = QRUITests.xctest; sourceTree = BUILT_PRODUCTS_DIR; };
		9B1347502B71D6FF009DC9D9 /* QRUITests.swift */ = {isa = PBXFileReference; lastKnownFileType = sourcecode.swift; path = QRUITests.swift; sourceTree = "<group>"; };
		9B1347522B71D6FF009DC9D9 /* QRUITestsLaunchTests.swift */ = {isa = PBXFileReference; lastKnownFileType = sourcecode.swift; path = QRUITestsLaunchTests.swift; sourceTree = "<group>"; };
/* End PBXFileReference section */

/* Begin PBXFrameworksBuildPhase section */
		9B13472E2B71D6FE009DC9D9 /* Frameworks */ = {
			isa = PBXFrameworksBuildPhase;
			buildActionMask = 2147483647;
			files = (
			);
			runOnlyForDeploymentPostprocessing = 0;
		};
		9B13473F2B71D6FF009DC9D9 /* Frameworks */ = {
			isa = PBXFrameworksBuildPhase;
			buildActionMask = 2147483647;
			files = (
			);
			runOnlyForDeploymentPostprocessing = 0;
		};
		9B1347492B71D6FF009DC9D9 /* Frameworks */ = {
			isa = PBXFrameworksBuildPhase;
			buildActionMask = 2147483647;
			files = (
			);
			runOnlyForDeploymentPostprocessing = 0;
		};
/* End PBXFrameworksBuildPhase section */

/* Begin PBXGroup section */
		9B1347282B71D6FE009DC9D9 = {
			isa = PBXGroup;
			children = (
				9B1347332B71D6FE009DC9D9 /* QR */,
				9B1347452B71D6FF009DC9D9 /* QRTests */,
				9B13474F2B71D6FF009DC9D9 /* QRUITests */,
				9B1347322B71D6FE009DC9D9 /* Products */,
			);
			sourceTree = "<group>";
		};
		9B1347322B71D6FE009DC9D9 /* Products */ = {
			isa = PBXGroup;
			children = (
				9B1347312B71D6FE009DC9D9 /* QR.app */,
				9B1347422B71D6FF009DC9D9 /* QRTests.xctest */,
				9B13474C2B71D6FF009DC9D9 /* QRUITests.xctest */,
			);
			name = Products;
			sourceTree = "<group>";
		};
		9B1347332B71D6FE009DC9D9 /* QR */ = {
			isa = PBXGroup;
			children = (
				9B1347342B71D6FE009DC9D9 /* QRApp.swift */,
				9B1347362B71D6FE009DC9D9 /* ContentView.swift */,
				9B1347382B71D6FF009DC9D9 /* Assets.xcassets */,
				9B13473A2B71D6FF009DC9D9 /* QR.entitlements */,
				9B13473B2B71D6FF009DC9D9 /* Preview Content */,
			);
			path = QR;
			sourceTree = "<group>";
		};
		9B13473B2B71D6FF009DC9D9 /* Preview Content */ = {
			isa = PBXGroup;
			children = (
				9B13473C2B71D6FF009DC9D9 /* Preview Assets.xcassets */,
			);
			path = "Preview Content";
			sourceTree = "<group>";
		};
		9B1347452B71D6FF009DC9D9 /* QRTests */ = {
			isa = PBXGroup;
			children = (
				9B1347462B71D6FF009DC9D9 /* QRTests.swift */,
			);
			path = QRTests;
			sourceTree = "<group>";
		};
		9B13474F2B71D6FF009DC9D9 /* QRUITests */ = {
			isa = PBXGroup;
			children = (
				9B1347502B71D6FF009DC9D9 /* QRUITests.swift */,
				9B1347522B71D6FF009DC9D9 /* QRUITestsLaunchTests.swift */,
			);
			path = QRUITests;
			sourceTree = "<group>";
		};
/* End PBXGroup section */

/* Begin PBXNativeTarget section */
		9B1347302B71D6FE009DC9D9 /* QR */ = {
			isa = PBXNativeTarget;
			buildConfigurationList = 9B1347562B71D6FF009DC9D9 /* Build configuration list for PBXNativeTarget "QR" */;
			buildPhases = (
				9B13472D2B71D6FE009DC9D9 /* Sources */,
				9B13472E2B71D6FE009DC9D9 /* Frameworks */,
				9B13472F2B71D6FE009DC9D9 /* Resources */,
			);
			buildRules = (
			);
			dependencies = (
			);
			name = QR;
			productName = QR;
			productReference = 9B1347312B71D6FE009DC9D9 /* QR.app */;
			productType = "com.apple.product-type.application";
		};
		9B1347412B71D6FF009DC9D9 /* QRTests */ = {
			isa = PBXNativeTarget;
			buildConfigurationList = 9B1347592B71D6FF009DC9D9 /* Build configuration list for PBXNativeTarget "QRTests" */;
			buildPhases = (
				9B13473E2B71D6FF009DC9D9 /* Sources */,
				9B13473F2B71D6FF009DC9D9 /* Frameworks */,
				9B1347402B71D6FF009DC9D9 /* Resources */,
			);
			buildRules = (
			);
			dependencies = (
				9B1347442B71D6FF009DC9D9 /* PBXTargetDependency */,
			);
			name = QRTests;
			productName = QRTests;
			productReference = 9B1347422B71D6FF009DC9D9 /* QRTests.xctest */;
			productType = "com.apple.product-type.bundle.unit-test";
		};
		9B13474B2B71D6FF009DC9D9 /* QRUITests */ = {
			isa = PBXNativeTarget;
			buildConfigurationList = 9B13475C2B71D6FF009DC9D9 /* Build configuration list for PBXNativeTarget "QRUITests" */;
			buildPhases = (
				9B1347482B71D6FF009DC9D9 /* Sources */,
				9B1347492B71D6FF009DC9D9 /* Frameworks */,
				9B13474A2B71D6FF009DC9D9 /* Resources */,
			);
			buildRules = (
			);
			dependencies = (
				9B13474E2B71D6FF009DC9D9 /* PBXTargetDependency */,
			);
			name = QRUITests;
			productName = QRUITests;
			productReference = 9B13474C2B71D6FF009DC9D9 /* QRUITests.xctest */;
			productType = "com.apple.product-type.bundle.ui-testing";
		};
/* End PBXNativeTarget section */

/* Begin PBXProject section */
		9B1347292B71D6FE009DC9D9 /* Project object */ = {
			isa = PBXProject;
			attributes = {
				BuildIndependentTargetsInParallel = 1;
				LastSwiftUpdateCheck = 1520;
				LastUpgradeCheck = 1520;
				TargetAttributes = {
					9B1347302B71D6FE009DC9D9 = {
						CreatedOnToolsVersion = 15.2;
					};
					9B1347412B71D6FF009DC9D9 = {
						CreatedOnToolsVersion = 15.2;
						TestTargetID = 9B1347302B71D6FE009DC9D9;
					};
					9B13474B2B71D6FF009DC9D9 = {
						CreatedOnToolsVersion = 15.2;
						TestTargetID = 9B1347302B71D6FE009DC9D9;
					};
				};
			};
			buildConfigurationList = 9B13472C2B71D6FE009DC9D9 /* Build configuration list for PBXProject "QR" */;
			compatibilityVersion = "Xcode 14.0";
			developmentRegion = en;
			hasScannedForEncodings = 0;
			knownRegions = (
				en,
				Base,
			);
			mainGroup = 9B1347282B71D6FE009DC9D9;
			productRefGroup = 9B1347322B71D6FE009DC9D9 /* Products */;
			projectDirPath = "";
			projectRoot = "";
			targets = (
				9B1347302B71D6FE009DC9D9 /* QR */,
				9B1347412B71D6FF009DC9D9 /* QRTests */,
				9B13474B2B71D6FF009DC9D9 /* QRUITests */,
			);
		};
/* End PBXProject section */

/* Begin PBXResourcesBuildPhase section */
		9B13472F2B71D6FE009DC9D9 /* Resources */ = {
			isa = PBXResourcesBuildPhase;
			buildActionMask = 2147483647;
			files = (
				9B13473D2B71D6FF009DC9D9 /* Preview Assets.xcassets in Resources */,
				9B1347392B71D6FF009DC9D9 /* Assets.xcassets in Resources */,
			);
			runOnlyForDeploymentPostprocessing = 0;
		};
		9B1347402B71D6FF009DC9D9 /* Resources */ = {
			isa = PBXResourcesBuildPhase;
			buildActionMask = 2147483647;
			files = (
			);
			runOnlyForDeploymentPostprocessing = 0;
		};
		9B13474A2B71D6FF009DC9D9 /* Resources */ = {
			isa = PBXResourcesBuildPhase;
			buildActionMask = 2147483647;
			files = (
			);
			runOnlyForDeploymentPostprocessing = 0;
		};
/* End PBXResourcesBuildPhase section */

/* Begin PBXSourcesBuildPhase section */
		9B13472D2B71D6FE009DC9D9 /* Sources */ = {
			isa = PBXSourcesBuildPhase;
			buildActionMask = 2147483647;
			files = (
				9B1347372B71D6FE009DC9D9 /* ContentView.swift in Sources */,
				9B1347352B71D6FE009DC9D9 /* QRApp.swift in Sources */,
			);
			runOnlyForDeploymentPostprocessing = 0;
		};
		9B13473E2B71D6FF009DC9D9 /* Sources */ = {
			isa = PBXSourcesBuildPhase;
			buildActionMask = 2147483647;
			files = (
				9B1347472B71D6FF009DC9D9 /* QRTests.swift in Sources */,
			);
			runOnlyForDeploymentPostprocessing = 0;
		};
		9B1347482B71D6FF009DC9D9 /* Sources */ = {
			isa = PBXSourcesBuildPhase;
			buildActionMask = 2147483647;
			files = (
				9B1347512B71D6FF009DC9D9 /* QRUITests.swift in Sources */,
				9B1347532B71D6FF009DC9D9 /* QRUITestsLaunchTests.swift in Sources */,
			);
			runOnlyForDeploymentPostprocessing = 0;
		};
/* End PBXSourcesBuildPhase section */

/* Begin PBXTargetDependency section */
		9B1347442B71D6FF009DC9D9 /* PBXTargetDependency */ = {
			isa = PBXTargetDependency;
			target = 9B1347302B71D6FE009DC9D9 /* QR */;
			targetProxy = 9B1347432B71D6FF009DC9D9 /* PBXContainerItemProxy */;
		};
		9B13474E2B71D6FF009DC9D9 /* PBXTargetDependency */ = {
			isa = PBXTargetDependency;
			target = 9B1347302B71D6FE009DC9D9 /* QR */;
			targetProxy = 9B13474D2B71D6FF009DC9D9 /* PBXContainerItemProxy */;
		};
/* End PBXTargetDependency section */

/* Begin XCBuildConfiguration section */
		9B1347542B71D6FF009DC9D9 /* Debug */ = {
			isa = XCBuildConfiguration;
			buildSettings = {
				ALWAYS_SEARCH_USER_PATHS = NO;
				ASSETCATALOG_COMPILER_GENERATE_SWIFT_ASSET_SYMBOL_EXTENSIONS = YES;
				CLANG_ANALYZER_NONNULL = YES;
				CLANG_ANALYZER_NUMBER_OBJECT_CONVERSION = YES_AGGRESSIVE;
				CLANG_CXX_LANGUAGE_STANDARD = "gnu++20";
				CLANG_ENABLE_MODULES = YES;
				CLANG_ENABLE_OBJC_ARC = YES;
				CLANG_ENABLE_OBJC_WEAK = YES;
				CLANG_WARN_BLOCK_CAPTURE_AUTORELEASING = YES;
				CLANG_WARN_BOOL_CONVERSION = YES;
				CLANG_WARN_COMMA = YES;
				CLANG_WARN_CONSTANT_CONVERSION = YES;
				CLANG_WARN_DEPRECATED_OBJC_IMPLEMENTATIONS = YES;
				CLANG_WARN_DIRECT_OBJC_ISA_USAGE = YES_ERROR;
				CLANG_WARN_DOCUMENTATION_COMMENTS = YES;
				CLANG_WARN_EMPTY_BODY = YES;
				CLANG_WARN_ENUM_CONVERSION = YES;
				CLANG_WARN_INFINITE_RECURSION = YES;
				CLANG_WARN_INT_CONVERSION = YES;
				CLANG_WARN_NON_LITERAL_NULL_CONVERSION = YES;
				CLANG_WARN_OBJC_IMPLICIT_RETAIN_SELF = YES;
				CLANG_WARN_OBJC_LITERAL_CONVERSION = YES;
				CLANG_WARN_OBJC_ROOT_CLASS = YES_ERROR;
				CLANG_WARN_QUOTED_INCLUDE_IN_FRAMEWORK_HEADER = YES;
				CLANG_WARN_RANGE_LOOP_ANALYSIS = YES;
				CLANG_WARN_STRICT_PROTOTYPES = YES;
				CLANG_WARN_SUSPICIOUS_MOVE = YES;
				CLANG_WARN_UNGUARDED_AVAILABILITY = YES_AGGRESSIVE;
				CLANG_WARN_UNREACHABLE_CODE = YES;
				CLANG_WARN__DUPLICATE_METHOD_MATCH = YES;
				COPY_PHASE_STRIP = NO;
				DEBUG_INFORMATION_FORMAT = dwarf;
				ENABLE_STRICT_OBJC_MSGSEND = YES;
				ENABLE_TESTABILITY = YES;
				ENABLE_USER_SCRIPT_SANDBOXING = YES;
				GCC_C_LANGUAGE_STANDARD = gnu17;
				GCC_DYNAMIC_NO_PIC = NO;
				GCC_NO_COMMON_BLOCKS = YES;
				GCC_OPTIMIZATION_LEVEL = 0;
				GCC_PREPROCESSOR_DEFINITIONS = (
					"DEBUG=1",
					"$(inherited)",
				);
				GCC_WARN_64_TO_32_BIT_CONVERSION = YES;
				GCC_WARN_ABOUT_RETURN_TYPE = YES_ERROR;
				GCC_WARN_UNDECLARED_SELECTOR = YES;
				GCC_WARN_UNINITIALIZED_AUTOS = YES_AGGRESSIVE;
				GCC_WARN_UNUSED_FUNCTION = YES;
				GCC_WARN_UNUSED_VARIABLE = YES;
				LOCALIZATION_PREFERS_STRING_CATALOGS = YES;
				MTL_ENABLE_DEBUG_INFO = INCLUDE_SOURCE;
				MTL_FAST_MATH = YES;
				ONLY_ACTIVE_ARCH = YES;
				SWIFT_ACTIVE_COMPILATION_CONDITIONS = "DEBUG $(inherited)";
				SWIFT_OPTIMIZATION_LEVEL = "-Onone";
			};
			name = Debug;
		};
		9B1347552B71D6FF009DC9D9 /* Release */ = {
			isa = XCBuildConfiguration;
			buildSettings = {
				ALWAYS_SEARCH_USER_PATHS = NO;
				ASSETCATALOG_COMPILER_GENERATE_SWIFT_ASSET_SYMBOL_EXTENSIONS = YES;
				CLANG_ANALYZER_NONNULL = YES;
				CLANG_ANALYZER_NUMBER_OBJECT_CONVERSION = YES_AGGRESSIVE;
				CLANG_CXX_LANGUAGE_STANDARD = "gnu++20";
				CLANG_ENABLE_MODULES = YES;
				CLANG_ENABLE_OBJC_ARC = YES;
				CLANG_ENABLE_OBJC_WEAK = YES;
				CLANG_WARN_BLOCK_CAPTURE_AUTORELEASING = YES;
				CLANG_WARN_BOOL_CONVERSION = YES;
				CLANG_WARN_COMMA = YES;
				CLANG_WARN_CONSTANT_CONVERSION = YES;
				CLANG_WARN_DEPRECATED_OBJC_IMPLEMENTATIONS = YES;
				CLANG_WARN_DIRECT_OBJC_ISA_USAGE = YES_ERROR;
				CLANG_WARN_DOCUMENTATION_COMMENTS = YES;
				CLANG_WARN_EMPTY_BODY = YES;
				CLANG_WARN_ENUM_CONVERSION = YES;
				CLANG_WARN_INFINITE_RECURSION = YES;
				CLANG_WARN_INT_CONVERSION = YES;
				CLANG_WARN_NON_LITERAL_NULL_CONVERSION = YES;
				CLANG_WARN_OBJC_IMPLICIT_RETAIN_SELF = YES;
				CLANG_WARN_OBJC_LITERAL_CONVERSION = YES;
				CLANG_WARN_OBJC_ROOT_CLASS = YES_ERROR;
				CLANG_WARN_QUOTED_INCLUDE_IN_FRAMEWORK_HEADER = YES;
				CLANG_WARN_RANGE_LOOP_ANALYSIS = YES;
				CLANG_WARN_STRICT_PROTOTYPES = YES;
				CLANG_WARN_SUSPICIOUS_MOVE = YES;
				CLANG_WARN_UNGUARDED_AVAILABILITY = YES_AGGRESSIVE;
				CLANG_WARN_UNREACHABLE_CODE = YES;
				CLANG_WARN__DUPLICATE_METHOD_MATCH = YES;
				COPY_PHASE_STRIP = NO;
				DEBUG_INFORMATION_FORMAT = "dwarf-with-dsym";
				ENABLE_NS_ASSERTIONS = NO;
				ENABLE_STRICT_OBJC_MSGSEND = YES;
				ENABLE_USER_SCRIPT_SANDBOXING = YES;
				GCC_C_LANGUAGE_STANDARD = gnu17;
				GCC_NO_COMMON_BLOCKS = YES;
				GCC_WARN_64_TO_32_BIT_CONVERSION = YES;
				GCC_WARN_ABOUT_RETURN_TYPE = YES_ERROR;
				GCC_WARN_UNDECLARED_SELECTOR = YES;
				GCC_WARN_UNINITIALIZED_AUTOS = YES_AGGRESSIVE;
				GCC_WARN_UNUSED_FUNCTION = YES;
				GCC_WARN_UNUSED_VARIABLE = YES;
				LOCALIZATION_PREFERS_STRING_CATALOGS = YES;
				MTL_ENABLE_DEBUG_INFO = NO;
				MTL_FAST_MATH = YES;
				SWIFT_COMPILATION_MODE = wholemodule;
			};
			name = Release;
		};
		9B1347572B71D6FF009DC9D9 /* Debug */ = {
			isa = XCBuildConfiguration;
			buildSettings = {
				ASSETCATALOG_COMPILER_APPICON_NAME = AppIcon;
				ASSETCATALOG_COMPILER_GLOBAL_ACCENT_COLOR_NAME = AccentColor;
				CODE_SIGN_ENTITLEMENTS = QR/QR.entitlements;
				CODE_SIGN_STYLE = Automatic;
				CURRENT_PROJECT_VERSION = 1;
				DEVELOPMENT_ASSET_PATHS = "\"QR/Preview Content\"";
				ENABLE_PREVIEWS = YES;
				GENERATE_INFOPLIST_FILE = YES;
				"INFOPLIST_KEY_UIApplicationSceneManifest_Generation[sdk=iphoneos*]" = YES;
				"INFOPLIST_KEY_UIApplicationSceneManifest_Generation[sdk=iphonesimulator*]" = YES;
				"INFOPLIST_KEY_UIApplicationSupportsIndirectInputEvents[sdk=iphoneos*]" = YES;
				"INFOPLIST_KEY_UIApplicationSupportsIndirectInputEvents[sdk=iphonesimulator*]" = YES;
				"INFOPLIST_KEY_UILaunchScreen_Generation[sdk=iphoneos*]" = YES;
				"INFOPLIST_KEY_UILaunchScreen_Generation[sdk=iphonesimulator*]" = YES;
				"INFOPLIST_KEY_UIStatusBarStyle[sdk=iphoneos*]" = UIStatusBarStyleDefault;
				"INFOPLIST_KEY_UIStatusBarStyle[sdk=iphonesimulator*]" = UIStatusBarStyleDefault;
				INFOPLIST_KEY_UISupportedInterfaceOrientations_iPad = "UIInterfaceOrientationPortrait UIInterfaceOrientationPortraitUpsideDown UIInterfaceOrientationLandscapeLeft UIInterfaceOrientationLandscapeRight";
				INFOPLIST_KEY_UISupportedInterfaceOrientations_iPhone = "UIInterfaceOrientationPortrait UIInterfaceOrientationLandscapeLeft UIInterfaceOrientationLandscapeRight";
				IPHONEOS_DEPLOYMENT_TARGET = 17.2;
				LD_RUNPATH_SEARCH_PATHS = "@executable_path/Frameworks";
				"LD_RUNPATH_SEARCH_PATHS[sdk=macosx*]" = "@executable_path/../Frameworks";
				MACOSX_DEPLOYMENT_TARGET = 14.2;
				MARKETING_VERSION = 1.0;
				PRODUCT_BUNDLE_IDENTIFIER = HOME.QR;
				PRODUCT_NAME = "$(TARGET_NAME)";
				SDKROOT = auto;
				SUPPORTED_PLATFORMS = "iphoneos iphonesimulator macosx";
				SWIFT_EMIT_LOC_STRINGS = YES;
				SWIFT_VERSION = 5.0;
				TARGETED_DEVICE_FAMILY = "1,2";
			};
			name = Debug;
		};
		9B1347582B71D6FF009DC9D9 /* Release */ = {
			isa = XCBuildConfiguration;
			buildSettings = {
				ASSETCATALOG_COMPILER_APPICON_NAME = AppIcon;
				ASSETCATALOG_COMPILER_GLOBAL_ACCENT_COLOR_NAME = AccentColor;
				CODE_SIGN_ENTITLEMENTS = QR/QR.entitlements;
				CODE_SIGN_STYLE = Automatic;
				CURRENT_PROJECT_VERSION = 1;
				DEVELOPMENT_ASSET_PATHS = "\"QR/Preview Content\"";
				ENABLE_PREVIEWS = YES;
				GENERATE_INFOPLIST_FILE = YES;
				"INFOPLIST_KEY_UIApplicationSceneManifest_Generation[sdk=iphoneos*]" = YES;
				"INFOPLIST_KEY_UIApplicationSceneManifest_Generation[sdk=iphonesimulator*]" = YES;
				"INFOPLIST_KEY_UIApplicationSupportsIndirectInputEvents[sdk=iphoneos*]" = YES;
				"INFOPLIST_KEY_UIApplicationSupportsIndirectInputEvents[sdk=iphonesimulator*]" = YES;
				"INFOPLIST_KEY_UILaunchScreen_Generation[sdk=iphoneos*]" = YES;
				"INFOPLIST_KEY_UILaunchScreen_Generation[sdk=iphonesimulator*]" = YES;
				"INFOPLIST_KEY_UIStatusBarStyle[sdk=iphoneos*]" = UIStatusBarStyleDefault;
				"INFOPLIST_KEY_UIStatusBarStyle[sdk=iphonesimulator*]" = UIStatusBarStyleDefault;
				INFOPLIST_KEY_UISupportedInterfaceOrientations_iPad = "UIInterfaceOrientationPortrait UIInterfaceOrientationPortraitUpsideDown UIInterfaceOrientationLandscapeLeft UIInterfaceOrientationLandscapeRight";
				INFOPLIST_KEY_UISupportedInterfaceOrientations_iPhone = "UIInterfaceOrientationPortrait UIInterfaceOrientationLandscapeLeft UIInterfaceOrientationLandscapeRight";
				IPHONEOS_DEPLOYMENT_TARGET = 17.2;
				LD_RUNPATH_SEARCH_PATHS = "@executable_path/Frameworks";
				"LD_RUNPATH_SEARCH_PATHS[sdk=macosx*]" = "@executable_path/../Frameworks";
				MACOSX_DEPLOYMENT_TARGET = 14.2;
				MARKETING_VERSION = 1.0;
				PRODUCT_BUNDLE_IDENTIFIER = HOME.QR;
				PRODUCT_NAME = "$(TARGET_NAME)";
				SDKROOT = auto;
				SUPPORTED_PLATFORMS = "iphoneos iphonesimulator macosx";
				SWIFT_EMIT_LOC_STRINGS = YES;
				SWIFT_VERSION = 5.0;
				TARGETED_DEVICE_FAMILY = "1,2";
			};
			name = Release;
		};
		9B13475A2B71D6FF009DC9D9 /* Debug */ = {
			isa = XCBuildConfiguration;
			buildSettings = {
				ALWAYS_EMBED_SWIFT_STANDARD_LIBRARIES = YES;
				BUNDLE_LOADER = "$(TEST_HOST)";
				CODE_SIGN_STYLE = Automatic;
				CURRENT_PROJECT_VERSION = 1;
				GENERATE_INFOPLIST_FILE = YES;
				IPHONEOS_DEPLOYMENT_TARGET = 17.2;
				MACOSX_DEPLOYMENT_TARGET = 14.2;
				MARKETING_VERSION = 1.0;
				PRODUCT_BUNDLE_IDENTIFIER = HOME.QRTests;
				PRODUCT_NAME = "$(TARGET_NAME)";
				SDKROOT = auto;
				SUPPORTED_PLATFORMS = "iphoneos iphonesimulator macosx";
				SWIFT_EMIT_LOC_STRINGS = NO;
				SWIFT_VERSION = 5.0;
				TARGETED_DEVICE_FAMILY = "1,2";
				TEST_HOST = "$(BUILT_PRODUCTS_DIR)/QR.app/$(BUNDLE_EXECUTABLE_FOLDER_PATH)/QR";
			};
			name = Debug;
		};
		9B13475B2B71D6FF009DC9D9 /* Release */ = {
			isa = XCBuildConfiguration;
			buildSettings = {
				ALWAYS_EMBED_SWIFT_STANDARD_LIBRARIES = YES;
				BUNDLE_LOADER = "$(TEST_HOST)";
				CODE_SIGN_STYLE = Automatic;
				CURRENT_PROJECT_VERSION = 1;
				GENERATE_INFOPLIST_FILE = YES;
				IPHONEOS_DEPLOYMENT_TARGET = 17.2;
				MACOSX_DEPLOYMENT_TARGET = 14.2;
				MARKETING_VERSION = 1.0;
				PRODUCT_BUNDLE_IDENTIFIER = HOME.QRTests;
				PRODUCT_NAME = "$(TARGET_NAME)";
				SDKROOT = auto;
				SUPPORTED_PLATFORMS = "iphoneos iphonesimulator macosx";
				SWIFT_EMIT_LOC_STRINGS = NO;
				SWIFT_VERSION = 5.0;
				TARGETED_DEVICE_FAMILY = "1,2";
				TEST_HOST = "$(BUILT_PRODUCTS_DIR)/QR.app/$(BUNDLE_EXECUTABLE_FOLDER_PATH)/QR";
			};
			name = Release;
		};
		9B13475D2B71D6FF009DC9D9 /* Debug */ = {
			isa = XCBuildConfiguration;
			buildSettings = {
				ALWAYS_EMBED_SWIFT_STANDARD_LIBRARIES = YES;
				CODE_SIGN_STYLE = Automatic;
				CURRENT_PROJECT_VERSION = 1;
				GENERATE_INFOPLIST_FILE = YES;
				IPHONEOS_DEPLOYMENT_TARGET = 17.2;
				MACOSX_DEPLOYMENT_TARGET = 14.2;
				MARKETING_VERSION = 1.0;
				PRODUCT_BUNDLE_IDENTIFIER = HOME.QRUITests;
				PRODUCT_NAME = "$(TARGET_NAME)";
				SDKROOT = auto;
				SUPPORTED_PLATFORMS = "iphoneos iphonesimulator macosx";
				SWIFT_EMIT_LOC_STRINGS = NO;
				SWIFT_VERSION = 5.0;
				TARGETED_DEVICE_FAMILY = "1,2";
				TEST_TARGET_NAME = QR;
			};
			name = Debug;
		};
		9B13475E2B71D6FF009DC9D9 /* Release */ = {
			isa = XCBuildConfiguration;
			buildSettings = {
				ALWAYS_EMBED_SWIFT_STANDARD_LIBRARIES = YES;
				CODE_SIGN_STYLE = Automatic;
				CURRENT_PROJECT_VERSION = 1;
				GENERATE_INFOPLIST_FILE = YES;
				IPHONEOS_DEPLOYMENT_TARGET = 17.2;
				MACOSX_DEPLOYMENT_TARGET = 14.2;
				MARKETING_VERSION = 1.0;
				PRODUCT_BUNDLE_IDENTIFIER = HOME.QRUITests;
				PRODUCT_NAME = "$(TARGET_NAME)";
				SDKROOT = auto;
				SUPPORTED_PLATFORMS = "iphoneos iphonesimulator macosx";
				SWIFT_EMIT_LOC_STRINGS = NO;
				SWIFT_VERSION = 5.0;
				TARGETED_DEVICE_FAMILY = "1,2";
				TEST_TARGET_NAME = QR;
			};
			name = Release;
		};
/* End XCBuildConfiguration section */

/* Begin XCConfigurationList section */
		9B13472C2B71D6FE009DC9D9 /* Build configuration list for PBXProject "QR" */ = {
			isa = XCConfigurationList;
			buildConfigurations = (
				9B1347542B71D6FF009DC9D9 /* Debug */,
				9B1347552B71D6FF009DC9D9 /* Release */,
			);
			defaultConfigurationIsVisible = 0;
			defaultConfigurationName = Release;
		};
		9B1347562B71D6FF009DC9D9 /* Build configuration list for PBXNativeTarget "QR" */ = {
			isa = XCConfigurationList;
			buildConfigurations = (
				9B1347572B71D6FF009DC9D9 /* Debug */,
				9B1347582B71D6FF009DC9D9 /* Release */,
			);
			defaultConfigurationIsVisible = 0;
			defaultConfigurationName = Release;
		};
		9B1347592B71D6FF009DC9D9 /* Build configuration list for PBXNativeTarget "QRTests" */ = {
			isa = XCConfigurationList;
			buildConfigurations = (
				9B13475A2B71D6FF009DC9D9 /* Debug */,
				9B13475B2B71D6FF009DC9D9 /* Release */,
			);
			defaultConfigurationIsVisible = 0;
			defaultConfigurationName = Release;
		};
		9B13475C2B71D6FF009DC9D9 /* Build configuration list for PBXNativeTarget "QRUITests" */ = {
			isa = XCConfigurationList;
			buildConfigurations = (
				9B13475D2B71D6FF009DC9D9 /* Debug */,
				9B13475E2B71D6FF009DC9D9 /* Release */,
			);
			defaultConfigurationIsVisible = 0;
			defaultConfigurationName = Release;
		};
/* End XCConfigurationList section */
	};
	rootObject = 9B1347292B71D6FE009DC9D9 /* Project object */;
}
